
Microsoft Visual Studio Solution File, Format Version 12.00
# Visual Studio Version 18
VisualStudioVersion = 18.3.11505.172 d18.3
MinimumVisualStudioVersion = 10.0.40219.1
Project("{FAE04EC0-301F-11D3-BF4B-00C04F79EFBC}") = "FileExplorerPro", "FileExplorerPro.csproj", "{D71EE615-4810-5A52-D29D-348FB7919C67}"
EndProject
Global
	GlobalSection(SolutionConfigurationPlatforms) = preSolution
		Debug|Any CPU = Debug|Any CPU
		Release|Any CPU = Release|Any CPU
	EndGlobalSection
	GlobalSection(ProjectConfigurationPlatforms) = postSolution
		{D71EE615-4810-5A52-D29D-348FB7919C67}.Debug|Any CPU.ActiveCfg = Debug|Any CPU
		{D71EE615-4810-5A52-D29D-348FB7919C67}.Debug|Any CPU.Build.0 = Debug|Any CPU
		{D71EE615-4810-5A52-D29D-348FB7919C67}.Release|Any CPU.ActiveCfg = Release|Any CPU
		{D71EE615-4810-5A52-D29D-348FB7919C67}.Release|Any CPU.Build.0 = Release|Any CPU
	EndGlobalSection
	GlobalSection(SolutionProperties) = preSolution
		HideSolutionNode = FALSE
	EndGlobalSection
	GlobalSection(ExtensibilityGlobals) = postSolution
		SolutionGuid = {153962F5-1299-4C0B-A4B5-6BA693D2099B}
	EndGlobalSection
EndGlobal
